
Microsoft Visual Studio Solution File, Format Version 12.00
# Visual Studio Version 16
VisualStudioVersion = 16.0.32106.194
MinimumVisualStudioVersion = 10.0.40219.1
Project("{FAE04EC0-301F-11D3-BF4B-00C04F79EFBC}") = "Aloe", "Aloe.csproj", "{8475D5AE-0F37-4099-A871-188865F93553}"
EndProject
Global
	GlobalSection(SolutionConfigurationPlatforms) = preSolution
		Debug|Any CPU = Debug|Any CPU
		Release|Any CPU = Release|Any CPU
	EndGlobalSection
	GlobalSection(ProjectConfigurationPlatforms) = postSolution
		{8475D5AE-0F37-4099-A871-188865F93553}.Debug|Any CPU.ActiveCfg = Debug|Any CPU
		{8475D5AE-0F37-4099-A871-188865F93553}.Debug|Any CPU.Build.0 = Debug|Any CPU
		{8475D5AE-0F37-4099-A871-188865F93553}.Release|Any CPU.ActiveCfg = Release|Any CPU
		{8475D5AE-0F37-4099-A871-188865F93553}.Release|Any CPU.Build.0 = Release|Any CPU
	EndGlobalSection
	GlobalSection(SolutionProperties) = preSolution
		HideSolutionNode = FALSE
	EndGlobalSection
	GlobalSection(ExtensibilityGlobals) = postSolution
		SolutionGuid = {A686E455-C31F-4109-9064-226284B000CA}
	EndGlobalSection
EndGlobal
